
Microsoft Visual Studio Solution File, Format Version 12.00
# Visual Studio 15
VisualStudioVersion = 15.0.27703.2026
MinimumVisualStudioVersion = 10.0.40219.1
Project("{FAE04EC0-301F-11D3-BF4B-00C04F79EFBC}") = "StaticExample", "StaticExample\StaticExample.csproj", "{CF43B6C0-7C22-460E-8F94-4694159104F5}"
EndProject
Global
	GlobalSection(SolutionConfigurationPlatforms) = preSolution
		Debug|Any CPU = Debug|Any CPU
		Release|Any CPU = Release|Any CPU
	EndGlobalSection
	GlobalSection(ProjectConfigurationPlatforms) = postSolution
		{CF43B6C0-7C22-460E-8F94-4694159104F5}.Debug|Any CPU.ActiveCfg = Debug|Any CPU
		{CF43B6C0-7C22-460E-8F94-4694159104F5}.Debug|Any CPU.Build.0 = Debug|Any CPU
		{CF43B6C0-7C22-460E-8F94-4694159104F5}.Release|Any CPU.ActiveCfg = Release|Any CPU
		{CF43B6C0-7C22-460E-8F94-4694159104F5}.Release|Any CPU.Build.0 = Release|Any CPU
	EndGlobalSection
	GlobalSection(SolutionProperties) = preSolution
		HideSolutionNode = FALSE
	EndGlobalSection
	GlobalSection(ExtensibilityGlobals) = postSolution
		SolutionGuid = {11410458-0451-4D8B-8543-4A9C0E4EC210}
	EndGlobalSection
EndGlobal
